
Microsoft Visual Studio Solution File, Format Version 12.00
# Visual Studio Version 16
VisualStudioVersion = 16.0.29728.190
MinimumVisualStudioVersion = 10.0.40219.1
Project("{9A19103F-16F7-4668-BE54-9A1E7A4F7556}") = "FinCore", "FinCore\FinCore.csproj", "{DFC924AD-FB94-47D4-AFBA-4F3D4ECDD360}"
	ProjectSection(ProjectDependencies) = postProject
		{61DEC13A-ECE2-4799-8CDF-4571AFBFC5FC} = {61DEC13A-ECE2-4799-8CDF-4571AFBFC5FC}
		{2202DE74-3576-4394-9119-AFEA73858C56} = {2202DE74-3576-4394-9119-AFEA73858C56}
	EndProjectSection
EndProject
Project("{9A19103F-16F7-4668-BE54-9A1E7A4F7556}") = "BusinessObjects", "BusinessObjects\BusinessObjects.csproj", "{2202DE74-3576-4394-9119-AFEA73858C56}"
EndProject
Project("{9A19103F-16F7-4668-BE54-9A1E7A4F7556}") = "BusinessLogic", "BusinessLogic\BusinessLogic.csproj", "{61DEC13A-ECE2-4799-8CDF-4571AFBFC5FC}"
	ProjectSection(ProjectDependencies) = postProject
		{2202DE74-3576-4394-9119-AFEA73858C56} = {2202DE74-3576-4394-9119-AFEA73858C56}
	EndProjectSection
EndProject
Global
	GlobalSection(SolutionConfigurationPlatforms) = preSolution
		Debug|Any CPU = Debug|Any CPU
		Debug|x64 = Debug|x64
		Debug|x86 = Debug|x86
		Release|Any CPU = Release|Any CPU
		Release|x64 = Release|x64
		Release|x86 = Release|x86
	EndGlobalSection
	GlobalSection(ProjectConfigurationPlatforms) = postSolution
		{DFC924AD-FB94-47D4-AFBA-4F3D4ECDD360}.Debug|Any CPU.ActiveCfg = Debug|Any CPU
		{DFC924AD-FB94-47D4-AFBA-4F3D4ECDD360}.Debug|Any CPU.Build.0 = Debug|Any CPU
		{DFC924AD-FB94-47D4-AFBA-4F3D4ECDD360}.Debug|x64.ActiveCfg = Debug|Any CPU
		{DFC924AD-FB94-47D4-AFBA-4F3D4ECDD360}.Debug|x64.Build.0 = Debug|Any CPU
		{DFC924AD-FB94-47D4-AFBA-4F3D4ECDD360}.Debug|x86.ActiveCfg = Debug|Any CPU
		{DFC924AD-FB94-47D4-AFBA-4F3D4ECDD360}.Debug|x86.Build.0 = Debug|Any CPU
		{DFC924AD-FB94-47D4-AFBA-4F3D4ECDD360}.Release|Any CPU.ActiveCfg = Release|Any CPU
		{DFC924AD-FB94-47D4-AFBA-4F3D4ECDD360}.Release|Any CPU.Build.0 = Release|Any CPU
		{DFC924AD-FB94-47D4-AFBA-4F3D4ECDD360}.Release|x64.ActiveCfg = Release|Any CPU
		{DFC924AD-FB94-47D4-AFBA-4F3D4ECDD360}.Release|x64.Build.0 = Release|Any CPU
		{DFC924AD-FB94-47D4-AFBA-4F3D4ECDD360}.Release|x86.ActiveCfg = Release|Any CPU
		{DFC924AD-FB94-47D4-AFBA-4F3D4ECDD360}.Release|x86.Build.0 = Release|Any CPU
		{2202DE74-3576-4394-9119-AFEA73858C56}.Debug|Any CPU.ActiveCfg = Debug|Any CPU
		{2202DE74-3576-4394-9119-AFEA73858C56}.Debug|Any CPU.Build.0 = Debug|Any CPU
		{2202DE74-3576-4394-9119-AFEA73858C56}.Debug|x64.ActiveCfg = Debug|Any CPU
		{2202DE74-3576-4394-9119-AFEA73858C56}.Debug|x64.Build.0 = Debug|Any CPU
		{2202DE74-3576-4394-9119-AFEA73858C56}.Debug|x86.ActiveCfg = Debug|Any CPU
		{2202DE74-3576-4394-9119-AFEA73858C56}.Debug|x86.Build.0 = Debug|Any CPU
		{2202DE74-3576-4394-9119-AFEA73858C56}.Release|Any CPU.ActiveCfg = Release|Any CPU
		{2202DE74-3576-4394-9119-AFEA73858C56}.Release|Any CPU.Build.0 = Release|Any CPU
		{2202DE74-3576-4394-9119-AFEA73858C56}.Release|x64.ActiveCfg = Release|Any CPU
		{2202DE74-3576-4394-9119-AFEA73858C56}.Release|x64.Build.0 = Release|Any CPU
		{2202DE74-3576-4394-9119-AFEA73858C56}.Release|x86.ActiveCfg = Release|Any CPU
		{2202DE74-3576-4394-9119-AFEA73858C56}.Release|x86.Build.0 = Release|Any CPU
		{61DEC13A-ECE2-4799-8CDF-4571AFBFC5FC}.Debug|Any CPU.ActiveCfg = Debug|Any CPU
		{61DEC13A-ECE2-4799-8CDF-4571AFBFC5FC}.Debug|Any CPU.Build.0 = Debug|Any CPU
		{61DEC13A-ECE2-4799-8CDF-4571AFBFC5FC}.Debug|x64.ActiveCfg = Debug|Any CPU
		{61DEC13A-ECE2-4799-8CDF-4571AFBFC5FC}.Debug|x64.Build.0 = Debug|Any CPU
		{61DEC13A-ECE2-4799-8CDF-4571AFBFC5FC}.Debug|x86.ActiveCfg = Debug|Any CPU
		{61DEC13A-ECE2-4799-8CDF-4571AFBFC5FC}.Debug|x86.Build.0 = Debug|Any CPU
		{61DEC13A-ECE2-4799-8CDF-4571AFBFC5FC}.Release|Any CPU.ActiveCfg = Release|Any CPU
		{61DEC13A-ECE2-4799-8CDF-4571AFBFC5FC}.Release|Any CPU.Build.0 = Release|Any CPU
		{61DEC13A-ECE2-4799-8CDF-4571AFBFC5FC}.Release|x64.ActiveCfg = Release|Any CPU
		{61DEC13A-ECE2-4799-8CDF-4571AFBFC5FC}.Release|x64.Build.0 = Release|Any CPU
		{61DEC13A-ECE2-4799-8CDF-4571AFBFC5FC}.Release|x86.ActiveCfg = Release|Any CPU
		{61DEC13A-ECE2-4799-8CDF-4571AFBFC5FC}.Release|x86.Build.0 = Release|Any CPU
	EndGlobalSection
	GlobalSection(SolutionProperties) = preSolution
		HideSolutionNode = FALSE
	EndGlobalSection
	GlobalSection(ExtensibilityGlobals) = postSolution
		SolutionGuid = {8FD4607A-E2F4-4090-A918-317FE9C125CE}
	EndGlobalSection
EndGlobal
